// !$*UTF8*$!
{
	archiveVersion = 1;
	classes = {
	};
	objectVersion = 50;
	objects = {

/* Begin PBXBuildFile section */
		BB1A71072AB8264C0018FADC /* CooktailCollectionViewCell.swift in Sources */ = {isa = PBXBuildFile; fileRef = BB1A71052AB8264C0018FADC /* CooktailCollectionViewCell.swift */; };
		BB1A71082AB8264C0018FADC /* CooktailCollectionViewCell.xib in Resources */ = {isa = PBXBuildFile; fileRef = BB1A71062AB8264C0018FADC /* CooktailCollectionViewCell.xib */; };
		BB1A710A2AB930080018FADC /* UIViewController+.swift in Sources */ = {isa = PBXBuildFile; fileRef = BB1A71092AB930080018FADC /* UIViewController+.swift */; };
		BB81E36F2ABA87C200103F5B /* IngrediantCollectionViewCell.swift in Sources */ = {isa = PBXBuildFile; fileRef = BB81E36D2ABA87C200103F5B /* IngrediantCollectionViewCell.swift */; };
		BB81E3702ABA87C200103F5B /* IngrediantCollectionViewCell.xib in Resources */ = {isa = PBXBuildFile; fileRef = BB81E36E2ABA87C200103F5B /* IngrediantCollectionViewCell.xib */; };
		BB81E3722ABAD6DB00103F5B /* IntructionViewController.swift in Sources */ = {isa = PBXBuildFile; fileRef = BB81E3712ABAD6DB00103F5B /* IntructionViewController.swift */; };
		BB81E3762ABC303000103F5B /* CooktailDB.xcdatamodeld in Sources */ = {isa = PBXBuildFile; fileRef = BB81E3742ABC302E00103F5B /* CooktailDB.xcdatamodeld */; };
		BB81E3782ABC318400103F5B /* DatabaseManager.swift in Sources */ = {isa = PBXBuildFile; fileRef = BB81E3772ABC318400103F5B /* DatabaseManager.swift */; };
		BB81E37A2ABC32C800103F5B /*  CoreDataManager.swift in Sources */ = {isa = PBXBuildFile; fileRef = BB81E3792ABC32C800103F5B /*  CoreDataManager.swift */; };
		BB81E37D2AC2704B00103F5B /* NoInternetViewController.swift in Sources */ = {isa = PBXBuildFile; fileRef = BB81E37B2AC2704500103F5B /* NoInternetViewController.swift */; };
		BB81E37E2AC2704B00103F5B /* NoInternetViewController.xib in Resources */ = {isa = PBXBuildFile; fileRef = BB81E37C2AC2704500103F5B /* NoInternetViewController.xib */; };
		BB81E3822AC270AE00103F5B /* NetworkManager.swift in Sources */ = {isa = PBXBuildFile; fileRef = BB81E3812AC270AE00103F5B /* NetworkManager.swift */; };
		BBB676EF2AAFFE6B00CCBEF6 /* AppDelegate.swift in Sources */ = {isa = PBXBuildFile; fileRef = BBB676EE2AAFFE6B00CCBEF6 /* AppDelegate.swift */; };
		BBB676F32AAFFE6B00CCBEF6 /* ViewController.swift in Sources */ = {isa = PBXBuildFile; fileRef = BBB676F22AAFFE6B00CCBEF6 /* ViewController.swift */; };
		BBB676F62AAFFE6B00CCBEF6 /* Main.storyboard in Resources */ = {isa = PBXBuildFile; fileRef = BBB676F42AAFFE6B00CCBEF6 /* Main.storyboard */; };
		BBB676F82AAFFE6F00CCBEF6 /* Assets.xcassets in Resources */ = {isa = PBXBuildFile; fileRef = BBB676F72AAFFE6F00CCBEF6 /* Assets.xcassets */; };
		BBB676FB2AAFFE6F00CCBEF6 /* LaunchScreen.storyboard in Resources */ = {isa = PBXBuildFile; fileRef = BBB676F92AAFFE6F00CCBEF6 /* LaunchScreen.storyboard */; };
		BBB677082AB0183900CCBEF6 /* Cooktail.swift in Sources */ = {isa = PBXBuildFile; fileRef = BBB677072AB0183900CCBEF6 /* Cooktail.swift */; };
		BBB6770B2AB0188100CCBEF6 /* APIManager.swift in Sources */ = {isa = PBXBuildFile; fileRef = BBB6770A2AB0188100CCBEF6 /* APIManager.swift */; };
		BBB6770D2AB0208000CCBEF6 /* Ingredient.swift in Sources */ = {isa = PBXBuildFile; fileRef = BBB6770C2AB0208000CCBEF6 /* Ingredient.swift */; };
		BBB6770F2AB0367100CCBEF6 /* Constant.swift in Sources */ = {isa = PBXBuildFile; fileRef = BBB6770E2AB0367100CCBEF6 /* Constant.swift */; };
		BBB677172AB167C400CCBEF6 /* CategoryViewCellCollectionViewCell.swift in Sources */ = {isa = PBXBuildFile; fileRef = BBB677152AB167C300CCBEF6 /* CategoryViewCellCollectionViewCell.swift */; };
		BBB677182AB167C400CCBEF6 /* CategoryViewCellCollectionViewCell.xib in Resources */ = {isa = PBXBuildFile; fileRef = BBB677162AB167C300CCBEF6 /* CategoryViewCellCollectionViewCell.xib */; };
		BBB6771A2AB18B0D00CCBEF6 /* Color_Extension.swift in Sources */ = {isa = PBXBuildFile; fileRef = BBB677192AB18B0C00CCBEF6 /* Color_Extension.swift */; };
		BBB6771D2AB1905200CCBEF6 /* FavoriteCollectionViewCell.swift in Sources */ = {isa = PBXBuildFile; fileRef = BBB6771B2AB1905200CCBEF6 /* FavoriteCollectionViewCell.swift */; };
		BBB6771E2AB1905200CCBEF6 /* FavoriteCollectionViewCell.xib in Resources */ = {isa = PBXBuildFile; fileRef = BBB6771C2AB1905200CCBEF6 /* FavoriteCollectionViewCell.xib */; };
		BBB677202AB2A50100CCBEF6 /* Category.swift in Sources */ = {isa = PBXBuildFile; fileRef = BBB6771F2AB2A50000CCBEF6 /* Category.swift */; };
		BBB677222AB2B63C00CCBEF6 /* ListViewController.swift in Sources */ = {isa = PBXBuildFile; fileRef = BBB677212AB2B63B00CCBEF6 /* ListViewController.swift */; };
		BBB677242AB2B69100CCBEF6 /* DetailCooktailViewController.swift in Sources */ = {isa = PBXBuildFile; fileRef = BBB677232AB2B69100CCBEF6 /* DetailCooktailViewController.swift */; };
		BBB6772A2AB4179900CCBEF6 /* ReusableView.swift in Sources */ = {isa = PBXBuildFile; fileRef = BBB677292AB4179600CCBEF6 /* ReusableView.swift */; };
		BBB6772D2AB41AD800CCBEF6 /* UICollectionView+.swift in Sources */ = {isa = PBXBuildFile; fileRef = BBB6772C2AB41AD800CCBEF6 /* UICollectionView+.swift */; };
/* End PBXBuildFile section */

/* Begin PBXFileReference section */
		BB1A71052AB8264C0018FADC /* CooktailCollectionViewCell.swift */ = {isa = PBXFileReference; lastKnownFileType = sourcecode.swift; path = CooktailCollectionViewCell.swift; sourceTree = "<group>"; };
		BB1A71062AB8264C0018FADC /* CooktailCollectionViewCell.xib */ = {isa = PBXFileReference; lastKnownFileType = file.xib; path = CooktailCollectionViewCell.xib; sourceTree = "<group>"; };
		BB1A71092AB930080018FADC /* UIViewController+.swift */ = {isa = PBXFileReference; lastKnownFileType = sourcecode.swift; path = "UIViewController+.swift"; sourceTree = "<group>"; };
		BB81E36D2ABA87C200103F5B /* IngrediantCollectionViewCell.swift */ = {isa = PBXFileReference; lastKnownFileType = sourcecode.swift; path = IngrediantCollectionViewCell.swift; sourceTree = "<group>"; };
		BB81E36E2ABA87C200103F5B /* IngrediantCollectionViewCell.xib */ = {isa = PBXFileReference; lastKnownFileType = file.xib; path = IngrediantCollectionViewCell.xib; sourceTree = "<group>"; };
		BB81E3712ABAD6DB00103F5B /* IntructionViewController.swift */ = {isa = PBXFileReference; lastKnownFileType = sourcecode.swift; path = IntructionViewController.swift; sourceTree = "<group>"; };
		BB81E3752ABC302F00103F5B /* CooktailDB.xcdatamodel */ = {isa = PBXFileReference; lastKnownFileType = wrapper.xcdatamodel; path = CooktailDB.xcdatamodel; sourceTree = "<group>"; };
		BB81E3772ABC318400103F5B /* DatabaseManager.swift */ = {isa = PBXFileReference; lastKnownFileType = sourcecode.swift; path = DatabaseManager.swift; sourceTree = "<group>"; };
		BB81E3792ABC32C800103F5B /*  CoreDataManager.swift */ = {isa = PBXFileReference; lastKnownFileType = sourcecode.swift; path = " CoreDataManager.swift"; sourceTree = "<group>"; };
		BB81E37B2AC2704500103F5B /* NoInternetViewController.swift */ = {isa = PBXFileReference; lastKnownFileType = sourcecode.swift; name = NoInternetViewController.swift; path = NoInternet/NoInternetViewController.swift; sourceTree = "<group>"; };
		BB81E37C2AC2704500103F5B /* NoInternetViewController.xib */ = {isa = PBXFileReference; lastKnownFileType = file.xib; name = NoInternetViewController.xib; path = NoInternet/NoInternetViewController.xib; sourceTree = "<group>"; };
		BB81E3812AC270AE00103F5B /* NetworkManager.swift */ = {isa = PBXFileReference; lastKnownFileType = sourcecode.swift; path = NetworkManager.swift; sourceTree = "<group>"; };
		BBB676EB2AAFFE6A00CCBEF6 /* CooktailDB.app */ = {isa = PBXFileReference; explicitFileType = wrapper.application; includeInIndex = 0; path = CooktailDB.app; sourceTree = BUILT_PRODUCTS_DIR; };
		BBB676EE2AAFFE6B00CCBEF6 /* AppDelegate.swift */ = {isa = PBXFileReference; lastKnownFileType = sourcecode.swift; path = AppDelegate.swift; sourceTree = "<group>"; };
		BBB676F22AAFFE6B00CCBEF6 /* ViewController.swift */ = {isa = PBXFileReference; lastKnownFileType = sourcecode.swift; path = ViewController.swift; sourceTree = "<group>"; };
		BBB676F52AAFFE6B00CCBEF6 /* Base */ = {isa = PBXFileReference; lastKnownFileType = file.storyboard; name = Base; path = Base.lproj/Main.storyboard; sourceTree = "<group>"; };
		BBB676F72AAFFE6F00CCBEF6 /* Assets.xcassets */ = {isa = PBXFileReference; lastKnownFileType = folder.assetcatalog; path = Assets.xcassets; sourceTree = "<group>"; };
		BBB676FA2AAFFE6F00CCBEF6 /* Base */ = {isa = PBXFileReference; lastKnownFileType = file.storyboard; name = Base; path = Base.lproj/LaunchScreen.storyboard; sourceTree = "<group>"; };
		BBB676FC2AAFFE6F00CCBEF6 /* Info.plist */ = {isa = PBXFileReference; lastKnownFileType = text.plist.xml; path = Info.plist; sourceTree = "<group>"; };
		BBB677072AB0183900CCBEF6 /* Cooktail.swift */ = {isa = PBXFileReference; lastKnownFileType = sourcecode.swift; path = Cooktail.swift; sourceTree = "<group>"; };
		BBB6770A2AB0188100CCBEF6 /* APIManager.swift */ = {isa = PBXFileReference; lastKnownFileType = sourcecode.swift; path = APIManager.swift; sourceTree = "<group>"; };
		BBB6770C2AB0208000CCBEF6 /* Ingredient.swift */ = {isa = PBXFileReference; lastKnownFileType = sourcecode.swift; path = Ingredient.swift; sourceTree = "<group>"; };
		BBB6770E2AB0367100CCBEF6 /* Constant.swift */ = {isa = PBXFileReference; lastKnownFileType = sourcecode.swift; path = Constant.swift; sourceTree = "<group>"; };
		BBB677152AB167C300CCBEF6 /* CategoryViewCellCollectionViewCell.swift */ = {isa = PBXFileReference; lastKnownFileType = sourcecode.swift; path = CategoryViewCellCollectionViewCell.swift; sourceTree = "<group>"; };
		BBB677162AB167C300CCBEF6 /* CategoryViewCellCollectionViewCell.xib */ = {isa = PBXFileReference; lastKnownFileType = file.xib; path = CategoryViewCellCollectionViewCell.xib; sourceTree = "<group>"; };
		BBB677192AB18B0C00CCBEF6 /* Color_Extension.swift */ = {isa = PBXFileReference; lastKnownFileType = sourcecode.swift; path = Color_Extension.swift; sourceTree = "<group>"; };
		BBB6771B2AB1905200CCBEF6 /* FavoriteCollectionViewCell.swift */ = {isa = PBXFileReference; lastKnownFileType = sourcecode.swift; path = FavoriteCollectionViewCell.swift; sourceTree = "<group>"; };
		BBB6771C2AB1905200CCBEF6 /* FavoriteCollectionViewCell.xib */ = {isa = PBXFileReference; lastKnownFileType = file.xib; path = FavoriteCollectionViewCell.xib; sourceTree = "<group>"; };
		BBB6771F2AB2A50000CCBEF6 /* Category.swift */ = {isa = PBXFileReference; lastKnownFileType = sourcecode.swift; path = Category.swift; sourceTree = "<group>"; };
		BBB677212AB2B63B00CCBEF6 /* ListViewController.swift */ = {isa = PBXFileReference; lastKnownFileType = sourcecode.swift; path = ListViewController.swift; sourceTree = "<group>"; };
		BBB677232AB2B69100CCBEF6 /* DetailCooktailViewController.swift */ = {isa = PBXFileReference; lastKnownFileType = sourcecode.swift; path = DetailCooktailViewController.swift; sourceTree = "<group>"; };
		BBB677292AB4179600CCBEF6 /* ReusableView.swift */ = {isa = PBXFileReference; lastKnownFileType = sourcecode.swift; path = ReusableView.swift; sourceTree = "<group>"; };
		BBB6772C2AB41AD800CCBEF6 /* UICollectionView+.swift */ = {isa = PBXFileReference; lastKnownFileType = sourcecode.swift; path = "UICollectionView+.swift"; sourceTree = "<group>"; };
/* End PBXFileReference section */

/* Begin PBXFrameworksBuildPhase section */
		BBB676E82AAFFE6A00CCBEF6 /* Frameworks */ = {
			isa = PBXFrameworksBuildPhase;
			buildActionMask = 2147483647;
			files = (
			);
			runOnlyForDeploymentPostprocessing = 0;
		};
/* End PBXFrameworksBuildPhase section */

/* Begin PBXGroup section */
		BB81E3732ABC300F00103F5B /* Database */ = {
			isa = PBXGroup;
			children = (
				BB81E3742ABC302E00103F5B /* CooktailDB.xcdatamodeld */,
				BB81E3772ABC318400103F5B /* DatabaseManager.swift */,
				BB81E3792ABC32C800103F5B /*  CoreDataManager.swift */,
			);
			path = Database;
			sourceTree = "<group>";
		};
		BB81E3802AC2709200103F5B /* Network */ = {
			isa = PBXGroup;
			children = (
				BB81E3812AC270AE00103F5B /* NetworkManager.swift */,
			);
			path = Network;
			sourceTree = "<group>";
		};
		BBB676E22AAFFE6A00CCBEF6 = {
			isa = PBXGroup;
			children = (
				BBB676ED2AAFFE6A00CCBEF6 /* CooktailDB */,
				BBB676EC2AAFFE6A00CCBEF6 /* Products */,
			);
			sourceTree = "<group>";
		};
		BBB676EC2AAFFE6A00CCBEF6 /* Products */ = {
			isa = PBXGroup;
			children = (
				BBB676EB2AAFFE6A00CCBEF6 /* CooktailDB.app */,
			);
			name = Products;
			sourceTree = "<group>";
		};
		BBB676ED2AAFFE6A00CCBEF6 /* CooktailDB */ = {
			isa = PBXGroup;
			children = (
				BB81E3802AC2709200103F5B /* Network */,
				BB81E3732ABC300F00103F5B /* Database */,
				BBB6772B2AB41AA500CCBEF6 /* Extension */,
				BBB677142AB1678800CCBEF6 /* ReuseableCell */,
				BBB677092AB0186D00CCBEF6 /* API */,
				BBB677032AAFFEDB00CCBEF6 /* ControllerView */,
				BBB677022AAFFECB00CCBEF6 /* Models */,
				BBB676EE2AAFFE6B00CCBEF6 /* AppDelegate.swift */,
				BBB676F42AAFFE6B00CCBEF6 /* Main.storyboard */,
				BBB676F72AAFFE6F00CCBEF6 /* Assets.xcassets */,
				BBB676F92AAFFE6F00CCBEF6 /* LaunchScreen.storyboard */,
				BBB676FC2AAFFE6F00CCBEF6 /* Info.plist */,
				BBB6770E2AB0367100CCBEF6 /* Constant.swift */,
			);
			path = CooktailDB;
			sourceTree = "<group>";
		};
		BBB677022AAFFECB00CCBEF6 /* Models */ = {
			isa = PBXGroup;
			children = (
				BBB677072AB0183900CCBEF6 /* Cooktail.swift */,
				BBB6770C2AB0208000CCBEF6 /* Ingredient.swift */,
				BBB6771F2AB2A50000CCBEF6 /* Category.swift */,
			);
			path = Models;
			sourceTree = "<group>";
		};
		BBB677032AAFFEDB00CCBEF6 /* ControllerView */ = {
			isa = PBXGroup;
			children = (
				BBB676F22AAFFE6B00CCBEF6 /* ViewController.swift */,
				BBB677212AB2B63B00CCBEF6 /* ListViewController.swift */,
				BBB677232AB2B69100CCBEF6 /* DetailCooktailViewController.swift */,
				BB81E3712ABAD6DB00103F5B /* IntructionViewController.swift */,
				BB81E37B2AC2704500103F5B /* NoInternetViewController.swift */,
				BB81E37C2AC2704500103F5B /* NoInternetViewController.xib */,
			);
			path = ControllerView;
			sourceTree = "<group>";
		};
		BBB677092AB0186D00CCBEF6 /* API */ = {
			isa = PBXGroup;
			children = (
				BBB6770A2AB0188100CCBEF6 /* APIManager.swift */,
			);
			path = API;
			sourceTree = "<group>";
		};
		BBB677142AB1678800CCBEF6 /* ReuseableCell */ = {
			isa = PBXGroup;
			children = (
				BBB677152AB167C300CCBEF6 /* CategoryViewCellCollectionViewCell.swift */,
				BBB677162AB167C300CCBEF6 /* CategoryViewCellCollectionViewCell.xib */,
				BBB6771B2AB1905200CCBEF6 /* FavoriteCollectionViewCell.swift */,
				BBB6771C2AB1905200CCBEF6 /* FavoriteCollectionViewCell.xib */,
				BB1A71052AB8264C0018FADC /* CooktailCollectionViewCell.swift */,
				BB1A71062AB8264C0018FADC /* CooktailCollectionViewCell.xib */,
				BB81E36D2ABA87C200103F5B /* IngrediantCollectionViewCell.swift */,
				BB81E36E2ABA87C200103F5B /* IngrediantCollectionViewCell.xib */,
			);
			path = ReuseableCell;
			sourceTree = "<group>";
		};
		BBB6772B2AB41AA500CCBEF6 /* Extension */ = {
			isa = PBXGroup;
			children = (
				BBB677292AB4179600CCBEF6 /* ReusableView.swift */,
				BBB677192AB18B0C00CCBEF6 /* Color_Extension.swift */,
				BBB6772C2AB41AD800CCBEF6 /* UICollectionView+.swift */,
				BB1A71092AB930080018FADC /* UIViewController+.swift */,
			);
			path = Extension;
			sourceTree = "<group>";
		};
/* End PBXGroup section */

/* Begin PBXNativeTarget section */
		BBB676EA2AAFFE6A00CCBEF6 /* CooktailDB */ = {
			isa = PBXNativeTarget;
			buildConfigurationList = BBB676FF2AAFFE6F00CCBEF6 /* Build configuration list for PBXNativeTarget "CooktailDB" */;
			buildPhases = (
				BBB676E72AAFFE6A00CCBEF6 /* Sources */,
				BBB676E82AAFFE6A00CCBEF6 /* Frameworks */,
				BBB676E92AAFFE6A00CCBEF6 /* Resources */,
				BBB677052AB00E1000CCBEF6 /* ShellScript */,
			);
			buildRules = (
			);
			dependencies = (
			);
			name = CooktailDB;
			productName = CooktailDB;
			productReference = BBB676EB2AAFFE6A00CCBEF6 /* CooktailDB.app */;
			productType = "com.apple.product-type.application";
		};
/* End PBXNativeTarget section */

/* Begin PBXProject section */
		BBB676E32AAFFE6A00CCBEF6 /* Project object */ = {
			isa = PBXProject;
			attributes = {
				LastSwiftUpdateCheck = 1250;
				LastUpgradeCheck = 1250;
				TargetAttributes = {
					BBB676EA2AAFFE6A00CCBEF6 = {
						CreatedOnToolsVersion = 12.5;
					};
				};
			};
			buildConfigurationList = BBB676E62AAFFE6A00CCBEF6 /* Build configuration list for PBXProject "CooktailDB" */;
			compatibilityVersion = "Xcode 9.3";
			developmentRegion = en;
			hasScannedForEncodings = 0;
			knownRegions = (
				en,
				Base,
			);
			mainGroup = BBB676E22AAFFE6A00CCBEF6;
			productRefGroup = BBB676EC2AAFFE6A00CCBEF6 /* Products */;
			projectDirPath = "";
			projectRoot = "";
			targets = (
				BBB676EA2AAFFE6A00CCBEF6 /* CooktailDB */,
			);
		};
/* End PBXProject section */

/* Begin PBXResourcesBuildPhase section */
		BBB676E92AAFFE6A00CCBEF6 /* Resources */ = {
			isa = PBXResourcesBuildPhase;
			buildActionMask = 2147483647;
			files = (
				BB1A71082AB8264C0018FADC /* CooktailCollectionViewCell.xib in Resources */,
				BB81E3702ABA87C200103F5B /* IngrediantCollectionViewCell.xib in Resources */,
				BB81E37E2AC2704B00103F5B /* NoInternetViewController.xib in Resources */,
				BBB676FB2AAFFE6F00CCBEF6 /* LaunchScreen.storyboard in Resources */,
				BBB676F82AAFFE6F00CCBEF6 /* Assets.xcassets in Resources */,
				BBB676F62AAFFE6B00CCBEF6 /* Main.storyboard in Resources */,
				BBB677182AB167C400CCBEF6 /* CategoryViewCellCollectionViewCell.xib in Resources */,
				BBB6771E2AB1905200CCBEF6 /* FavoriteCollectionViewCell.xib in Resources */,
			);
			runOnlyForDeploymentPostprocessing = 0;
		};
/* End PBXResourcesBuildPhase section */

/* Begin PBXShellScriptBuildPhase section */
		BBB677052AB00E1000CCBEF6 /* ShellScript */ = {
			isa = PBXShellScriptBuildPhase;
			buildActionMask = 2147483647;
			files = (
			);
			inputFileListPaths = (
			);
			inputPaths = (
			);
			outputFileListPaths = (
			);
			outputPaths = (
			);
			runOnlyForDeploymentPostprocessing = 0;
			shellPath = /bin/sh;
			shellScript = "if which swiftlint >/dev/null; then\n  swiftlint\nelse\n  echo \"warning: SwiftLint not installed, download from https://github.com/realm/SwiftLint\"\nfi\n";
		};
/* End PBXShellScriptBuildPhase section */

/* Begin PBXSourcesBuildPhase section */
		BBB676E72AAFFE6A00CCBEF6 /* Sources */ = {
			isa = PBXSourcesBuildPhase;
			buildActionMask = 2147483647;
			files = (
				BB81E3822AC270AE00103F5B /* NetworkManager.swift in Sources */,
				BB81E37D2AC2704B00103F5B /* NoInternetViewController.swift in Sources */,
				BBB6770B2AB0188100CCBEF6 /* APIManager.swift in Sources */,
				BB1A71072AB8264C0018FADC /* CooktailCollectionViewCell.swift in Sources */,
				BB81E3762ABC303000103F5B /* CooktailDB.xcdatamodeld in Sources */,
				BBB677242AB2B69100CCBEF6 /* DetailCooktailViewController.swift in Sources */,
				BBB677202AB2A50100CCBEF6 /* Category.swift in Sources */,
				BBB6772D2AB41AD800CCBEF6 /* UICollectionView+.swift in Sources */,
				BBB677172AB167C400CCBEF6 /* CategoryViewCellCollectionViewCell.swift in Sources */,
				BBB676F32AAFFE6B00CCBEF6 /* ViewController.swift in Sources */,
				BB81E36F2ABA87C200103F5B /* IngrediantCollectionViewCell.swift in Sources */,
				BBB6771A2AB18B0D00CCBEF6 /* Color_Extension.swift in Sources */,
				BB81E3722ABAD6DB00103F5B /* IntructionViewController.swift in Sources */,
				BB81E37A2ABC32C800103F5B /*  CoreDataManager.swift in Sources */,
				BBB677222AB2B63C00CCBEF6 /* ListViewController.swift in Sources */,
				BB81E3782ABC318400103F5B /* DatabaseManager.swift in Sources */,
				BBB6772A2AB4179900CCBEF6 /* ReusableView.swift in Sources */,
				BB1A710A2AB930080018FADC /* UIViewController+.swift in Sources */,
				BBB6771D2AB1905200CCBEF6 /* FavoriteCollectionViewCell.swift in Sources */,
				BBB6770D2AB0208000CCBEF6 /* Ingredient.swift in Sources */,
				BBB676EF2AAFFE6B00CCBEF6 /* AppDelegate.swift in Sources */,
				BBB677082AB0183900CCBEF6 /* Cooktail.swift in Sources */,
				BBB6770F2AB0367100CCBEF6 /* Constant.swift in Sources */,
			);
			runOnlyForDeploymentPostprocessing = 0;
		};
/* End PBXSourcesBuildPhase section */

/* Begin PBXVariantGroup section */
		BBB676F42AAFFE6B00CCBEF6 /* Main.storyboard */ = {
			isa = PBXVariantGroup;
			children = (
				BBB676F52AAFFE6B00CCBEF6 /* Base */,
			);
			name = Main.storyboard;
			sourceTree = "<group>";
		};
		BBB676F92AAFFE6F00CCBEF6 /* LaunchScreen.storyboard */ = {
			isa = PBXVariantGroup;
			children = (
				BBB676FA2AAFFE6F00CCBEF6 /* Base */,
			);
			name = LaunchScreen.storyboard;
			sourceTree = "<group>";
		};
/* End PBXVariantGroup section */

/* Begin XCBuildConfiguration section */
		BBB676FD2AAFFE6F00CCBEF6 /* Debug */ = {
			isa = XCBuildConfiguration;
			buildSettings = {
				ALWAYS_SEARCH_USER_PATHS = NO;
				CLANG_ANALYZER_NONNULL = YES;
				CLANG_ANALYZER_NUMBER_OBJECT_CONVERSION = YES_AGGRESSIVE;
				CLANG_CXX_LANGUAGE_STANDARD = "gnu++14";
				CLANG_CXX_LIBRARY = "libc++";
				CLANG_ENABLE_MODULES = YES;
				CLANG_ENABLE_OBJC_ARC = YES;
				CLANG_ENABLE_OBJC_WEAK = YES;
				CLANG_WARN_BLOCK_CAPTURE_AUTORELEASING = YES;
				CLANG_WARN_BOOL_CONVERSION = YES;
				CLANG_WARN_COMMA = YES;
				CLANG_WARN_CONSTANT_CONVERSION = YES;
				CLANG_WARN_DEPRECATED_OBJC_IMPLEMENTATIONS = YES;
				CLANG_WARN_DIRECT_OBJC_ISA_USAGE = YES_ERROR;
				CLANG_WARN_DOCUMENTATION_COMMENTS = YES;
				CLANG_WARN_EMPTY_BODY = YES;
				CLANG_WARN_ENUM_CONVERSION = YES;
				CLANG_WARN_INFINITE_RECURSION = YES;
				CLANG_WARN_INT_CONVERSION = YES;
				CLANG_WARN_NON_LITERAL_NULL_CONVERSION = YES;
				CLANG_WARN_OBJC_IMPLICIT_RETAIN_SELF = YES;
				CLANG_WARN_OBJC_LITERAL_CONVERSION = YES;
				CLANG_WARN_OBJC_ROOT_CLASS = YES_ERROR;
				CLANG_WARN_QUOTED_INCLUDE_IN_FRAMEWORK_HEADER = YES;
				CLANG_WARN_RANGE_LOOP_ANALYSIS = YES;
				CLANG_WARN_STRICT_PROTOTYPES = YES;
				CLANG_WARN_SUSPICIOUS_MOVE = YES;
				CLANG_WARN_UNGUARDED_AVAILABILITY = YES_AGGRESSIVE;
				CLANG_WARN_UNREACHABLE_CODE = YES;
				CLANG_WARN__DUPLICATE_METHOD_MATCH = YES;
				COPY_PHASE_STRIP = NO;
				DEBUG_INFORMATION_FORMAT = dwarf;
				ENABLE_STRICT_OBJC_MSGSEND = YES;
				ENABLE_TESTABILITY = YES;
				GCC_C_LANGUAGE_STANDARD = gnu11;
				GCC_DYNAMIC_NO_PIC = NO;
				GCC_NO_COMMON_BLOCKS = YES;
				GCC_OPTIMIZATION_LEVEL = 0;
				GCC_PREPROCESSOR_DEFINITIONS = (
					"DEBUG=1",
					"$(inherited)",
				);
				GCC_WARN_64_TO_32_BIT_CONVERSION = YES;
				GCC_WARN_ABOUT_RETURN_TYPE = YES_ERROR;
				GCC_WARN_UNDECLARED_SELECTOR = YES;
				GCC_WARN_UNINITIALIZED_AUTOS = YES_AGGRESSIVE;
				GCC_WARN_UNUSED_FUNCTION = YES;
				GCC_WARN_UNUSED_VARIABLE = YES;
				IPHONEOS_DEPLOYMENT_TARGET = 14.5;
				MTL_ENABLE_DEBUG_INFO = INCLUDE_SOURCE;
				MTL_FAST_MATH = YES;
				ONLY_ACTIVE_ARCH = YES;
				SDKROOT = iphoneos;
				SWIFT_ACTIVE_COMPILATION_CONDITIONS = DEBUG;
				SWIFT_OPTIMIZATION_LEVEL = "-Onone";
			};
			name = Debug;
		};
		BBB676FE2AAFFE6F00CCBEF6 /* Release */ = {
			isa = XCBuildConfiguration;
			buildSettings = {
				ALWAYS_SEARCH_USER_PATHS = NO;
				CLANG_ANALYZER_NONNULL = YES;
				CLANG_ANALYZER_NUMBER_OBJECT_CONVERSION = YES_AGGRESSIVE;
				CLANG_CXX_LANGUAGE_STANDARD = "gnu++14";
				CLANG_CXX_LIBRARY = "libc++";
				CLANG_ENABLE_MODULES = YES;
				CLANG_ENABLE_OBJC_ARC = YES;
				CLANG_ENABLE_OBJC_WEAK = YES;
				CLANG_WARN_BLOCK_CAPTURE_AUTORELEASING = YES;
				CLANG_WARN_BOOL_CONVERSION = YES;
				CLANG_WARN_COMMA = YES;
				CLANG_WARN_CONSTANT_CONVERSION = YES;
				CLANG_WARN_DEPRECATED_OBJC_IMPLEMENTATIONS = YES;
				CLANG_WARN_DIRECT_OBJC_ISA_USAGE = YES_ERROR;
				CLANG_WARN_DOCUMENTATION_COMMENTS = YES;
				CLANG_WARN_EMPTY_BODY = YES;
				CLANG_WARN_ENUM_CONVERSION = YES;
				CLANG_WARN_INFINITE_RECURSION = YES;
				CLANG_WARN_INT_CONVERSION = YES;
				CLANG_WARN_NON_LITERAL_NULL_CONVERSION = YES;
				CLANG_WARN_OBJC_IMPLICIT_RETAIN_SELF = YES;
				CLANG_WARN_OBJC_LITERAL_CONVERSION = YES;
				CLANG_WARN_OBJC_ROOT_CLASS = YES_ERROR;
				CLANG_WARN_QUOTED_INCLUDE_IN_FRAMEWORK_HEADER = YES;
				CLANG_WARN_RANGE_LOOP_ANALYSIS = YES;
				CLANG_WARN_STRICT_PROTOTYPES = YES;
				CLANG_WARN_SUSPICIOUS_MOVE = YES;
				CLANG_WARN_UNGUARDED_AVAILABILITY = YES_AGGRESSIVE;
				CLANG_WARN_UNREACHABLE_CODE = YES;
				CLANG_WARN__DUPLICATE_METHOD_MATCH = YES;
				COPY_PHASE_STRIP = NO;
				DEBUG_INFORMATION_FORMAT = "dwarf-with-dsym";
				ENABLE_NS_ASSERTIONS = NO;
				ENABLE_STRICT_OBJC_MSGSEND = YES;
				GCC_C_LANGUAGE_STANDARD = gnu11;
				GCC_NO_COMMON_BLOCKS = YES;
				GCC_WARN_64_TO_32_BIT_CONVERSION = YES;
				GCC_WARN_ABOUT_RETURN_TYPE = YES_ERROR;
				GCC_WARN_UNDECLARED_SELECTOR = YES;
				GCC_WARN_UNINITIALIZED_AUTOS = YES_AGGRESSIVE;
				GCC_WARN_UNUSED_FUNCTION = YES;
				GCC_WARN_UNUSED_VARIABLE = YES;
				IPHONEOS_DEPLOYMENT_TARGET = 14.5;
				MTL_ENABLE_DEBUG_INFO = NO;
				MTL_FAST_MATH = YES;
				SDKROOT = iphoneos;
				SWIFT_COMPILATION_MODE = wholemodule;
				SWIFT_OPTIMIZATION_LEVEL = "-O";
				VALIDATE_PRODUCT = YES;
			};
			name = Release;
		};
		BBB677002AAFFE6F00CCBEF6 /* Debug */ = {
			isa = XCBuildConfiguration;
			buildSettings = {
				ASSETCATALOG_COMPILER_APPICON_NAME = AppIcon;
				ASSETCATALOG_COMPILER_GLOBAL_ACCENT_COLOR_NAME = AccentColor;
				CODE_SIGN_STYLE = Automatic;
				INFOPLIST_FILE = CooktailDB/Info.plist;
				LD_RUNPATH_SEARCH_PATHS = (
					"$(inherited)",
					"@executable_path/Frameworks",
				);
				PRODUCT_BUNDLE_IDENTIFIER = com.sun.CooktailDB;
				PRODUCT_NAME = "$(TARGET_NAME)";
				SWIFT_VERSION = 5.0;
				TARGETED_DEVICE_FAMILY = "1,2";
			};
			name = Debug;
		};
		BBB677012AAFFE6F00CCBEF6 /* Release */ = {
			isa = XCBuildConfiguration;
			buildSettings = {
				ASSETCATALOG_COMPILER_APPICON_NAME = AppIcon;
				ASSETCATALOG_COMPILER_GLOBAL_ACCENT_COLOR_NAME = AccentColor;
				CODE_SIGN_STYLE = Automatic;
				INFOPLIST_FILE = CooktailDB/Info.plist;
				LD_RUNPATH_SEARCH_PATHS = (
					"$(inherited)",
					"@executable_path/Frameworks",
				);
				PRODUCT_BUNDLE_IDENTIFIER = com.sun.CooktailDB;
				PRODUCT_NAME = "$(TARGET_NAME)";
				SWIFT_VERSION = 5.0;
				TARGETED_DEVICE_FAMILY = "1,2";
			};
			name = Release;
		};
/* End XCBuildConfiguration section */

/* Begin XCConfigurationList section */
		BBB676E62AAFFE6A00CCBEF6 /* Build configuration list for PBXProject "CooktailDB" */ = {
			isa = XCConfigurationList;
			buildConfigurations = (
				BBB676FD2AAFFE6F00CCBEF6 /* Debug */,
				BBB676FE2AAFFE6F00CCBEF6 /* Release */,
			);
			defaultConfigurationIsVisible = 0;
			defaultConfigurationName = Release;
		};
		BBB676FF2AAFFE6F00CCBEF6 /* Build configuration list for PBXNativeTarget "CooktailDB" */ = {
			isa = XCConfigurationList;
			buildConfigurations = (
				BBB677002AAFFE6F00CCBEF6 /* Debug */,
				BBB677012AAFFE6F00CCBEF6 /* Release */,
			);
			defaultConfigurationIsVisible = 0;
			defaultConfigurationName = Release;
		};
/* End XCConfigurationList section */

/* Begin XCVersionGroup section */
		BB81E3742ABC302E00103F5B /* CooktailDB.xcdatamodeld */ = {
			isa = XCVersionGroup;
			children = (
				BB81E3752ABC302F00103F5B /* CooktailDB.xcdatamodel */,
			);
			currentVersion = BB81E3752ABC302F00103F5B /* CooktailDB.xcdatamodel */;
			path = CooktailDB.xcdatamodeld;
			sourceTree = "<group>";
			versionGroupType = wrapper.xcdatamodel;
		};
/* End XCVersionGroup section */
	};
	rootObject = BBB676E32AAFFE6A00CCBEF6 /* Project object */;
}
